{
  "name": "threehome",
  "version": "1.0.0",
  "lockfileVersion": 1,
  "requires": true,
  "dependencies": {
    "@types/createjs": {
      "version": "0.0.29",
      "resolved": "http://registry.npmjs.org/@types/createjs/-/createjs-0.0.29.tgz",
      "integrity": "sha1-TRmw/qo4JS3NedeKOKTMbfPxgfw=",
      "requires": {
        "@types/createjs-lib": "*",
        "@types/easeljs": "*",
        "@types/preloadjs": "*",
        "@types/soundjs": "*",
        "@types/tweenjs": "*"
      }
    },
    "@types/createjs-lib": {
      "version": "0.0.29",
      "resolved": "http://registry.npmjs.org/@types/createjs-lib/-/createjs-lib-0.0.29.tgz",
      "integrity": "sha1-+uguO6hgZmOxkOeJzsfZxyj8Qdc="
    },
    "@types/easeljs": {
      "version": "1.0.0",
      "resolved": "https://registry.npmjs.org/@types/easeljs/-/easeljs-1.0.0.tgz",
      "integrity": "sha512-DkhxqkgylaZGeuod35MCiv1Rix8GnBGv+URRBZt4rsMvhyi7Iap6SZbeEN5bD3b8BXHozHEKB/to9ohUDr3GIA==",
      "requires": {
        "@types/createjs-lib": "*",
        "@types/tweenjs": "*"
      }
    },
    "@types/jquery": {
      "version": "3.3.1",
      "resolved": "https://registry.npmjs.org/@types/jquery/-/jquery-3.3.1.tgz",
      "integrity": "sha512-N3h+rzN518yl2xKrW0o6KKdNmWZ+OwG6SoM5TBEQFF0tTv5wXPEsoOuYQ2Kt3/89XbcSZUJLdjiT/2c3BR/ApQ==",
      "dev": true
    },
    "@types/jqueryui": {
      "version": "1.12.3",
      "resolved": "https://registry.npmjs.org/@types/jqueryui/-/jqueryui-1.12.3.tgz",
      "integrity": "sha512-tZ+f59FuulQicGX1xDq/QvZHBaekwhmSUYPlamLAKQFFNQQ7glFInuiGQ7xbavRys/6JxYkumYxNCO+aowo/HA==",
      "dev": true,
      "requires": {
        "@types/jquery": "*"
      }
    },
    "@types/preloadjs": {
      "version": "0.6.32",
      "resolved": "http://registry.npmjs.org/@types/preloadjs/-/preloadjs-0.6.32.tgz",
      "integrity": "sha1-Es/3x/kuODingNQ4zknIzsmBgw0=",
      "requires": {
        "@types/createjs-lib": "*"
      }
    },
    "@types/soundjs": {
      "version": "0.6.27",
      "resolved": "http://registry.npmjs.org/@types/soundjs/-/soundjs-0.6.27.tgz",
      "integrity": "sha1-3SNwNQ6vcnfeXtVZQOPn0qAWsSQ=",
      "requires": {
        "@types/createjs-lib": "*",
        "@types/preloadjs": "*"
      }
    },
    "@types/three": {
      "version": "0.91.10",
      "resolved": "https://registry.npmjs.org/@types/three/-/three-0.91.10.tgz",
      "integrity": "sha512-pXbvPjwPlI9S1L/oDvvYyLXNb9gVgiO6lORNdrszHCZ7RS79N0HqkTM6VFdtKiYZn3r632zmzNAXL0t6j3A9Hw==",
      "dev": true,
      "requires": {
        "@types/webvr-api": "*"
      }
    },
    "@types/tweenjs": {
      "version": "1.0.0",
      "resolved": "https://registry.npmjs.org/@types/tweenjs/-/tweenjs-1.0.0.tgz",
      "integrity": "sha512-qn0yChkBM0uCDdovXCyZT+HREWP5PaPWrGBuQZ0GIANHZ4E4PZ35vrczagmTyewRwTFJ82/TcYQAvozjNmfcTw==",
      "requires": {
        "@types/createjs-lib": "*"
      }
    },
    "@types/webvr-api": {
      "version": "0.0.34",
      "resolved": "https://registry.npmjs.org/@types/webvr-api/-/webvr-api-0.0.34.tgz",
      "integrity": "sha512-gVAPKK+L1blPJCFnUDmkIdRfIU8xbwl05MDXPRjnjoeDXUUzR6frPuyx9RQz+OCodmxlBcJOkjVTMTZi1BcuZw==",
      "dev": true
    },
    "createjs": {
      "version": "1.0.1",
      "resolved": "https://registry.npmjs.org/createjs/-/createjs-1.0.1.tgz",
      "integrity": "sha512-VutFczgM8GNzOSiFKlYEwFRgZRMQkZt34ooaewKi7lzxuQ7JSsUs/Y1qb95G4CKOnHA/C/yghCJ6wfivuKOawA=="
    },
    "excalibur": {
      "version": "0.19.1",
      "resolved": "https://registry.npmjs.org/excalibur/-/excalibur-0.19.1.tgz",
      "integrity": "sha512-lyTD7vOxlYS2hjwhr8kuQVuTAEXtjnB6p6wyVpq7jP7gz1HyWGvh8hJWjZbZPLQxDwKGsQN18a9ZDyaImCDyIA=="
    },
    "jquery": {
      "version": "3.3.1",
      "resolved": "https://registry.npmjs.org/jquery/-/jquery-3.3.1.tgz",
      "integrity": "sha512-Ubldcmxp5np52/ENotGxlLe6aGMvmF4R8S6tZjsP6Knsaxd/xp3Zrh50cG93lR6nPXyUFwzN3ZSOQI0wRJNdGg=="
    },
    "jqueryui": {
      "version": "1.11.1",
      "resolved": "https://registry.npmjs.org/jqueryui/-/jqueryui-1.11.1.tgz",
      "integrity": "sha1-hxhVBwX1Vo0RmRlhaQlNtzsikbw="
    },
    "plugin-typescript": {
      "version": "8.0.0",
      "resolved": "https://registry.npmjs.org/plugin-typescript/-/plugin-typescript-8.0.0.tgz",
      "integrity": "sha512-9P25tRwjKgk1J1U1VMVJxHhL4OxouurN9otoQ2DJHDoZ8urxKS7G+e9rpiag3pbYpT7EcWqELEYAk/ssOOfQeg=="
    },
    "systemjs": {
      "version": "0.21.3",
      "resolved": "https://registry.npmjs.org/systemjs/-/systemjs-0.21.3.tgz",
      "integrity": "sha512-1x0kczVnT83fq/nE3ysXra9EEhOKv4+cMS95YkexWY8128J2VL8rk/nTWZig8qoY4/ZKZwZQWOECPx3XgAjjiA=="
    },
    "systemjs-plugin-babel": {
      "version": "0.0.25",
      "resolved": "https://registry.npmjs.org/systemjs-plugin-babel/-/systemjs-plugin-babel-0.0.25.tgz",
      "integrity": "sha512-RMKSizWWlw4+IpDB385ugxn7Owd9W+HEtjYDQ6yO1FpsnER/vk6FbXRweUF+mvRi6EHgk8vDdUdtui7ReDwX3w=="
    },
    "three": {
      "version": "0.91.0",
      "resolved": "https://registry.npmjs.org/three/-/three-0.91.0.tgz",
      "integrity": "sha512-dzikzdcddNROFZi3vkbV8YonBmqnonbJv2FxlQBEE2wKzZutddnjiS8qBZG2+EB40l505Xw8OMClQm+GmbwI/g=="
    },
    "typescript": {
      "version": "2.8.3",
      "resolved": "https://registry.npmjs.org/typescript/-/typescript-2.8.3.tgz",
      "integrity": "sha512-K7g15Bb6Ra4lKf7Iq2l/I5/En+hLIHmxWZGq3D4DIRNFxMNV6j2SHSvDOqs2tGd4UvD/fJvrwopzQXjLrT7Itw=="
    }
  }
}
